
Microsoft Visual Studio Solution File, Format Version 12.00
# Visual Studio Version 17
VisualStudioVersion = 17.8.34511.84
MinimumVisualStudioVersion = 10.0.40219.1
Project("{FAE04EC0-301F-11D3-BF4B-00C04F79EFBC}") = "UserHandle", "UserHandle\UserHandle.csproj", "{107BA066-2C4D-41A6-B644-841F1EF641DA}"
EndProject
Global
	GlobalSection(SolutionConfigurationPlatforms) = preSolution
		Debug|Any CPU = Debug|Any CPU
		Release|Any CPU = Release|Any CPU
	EndGlobalSection
	GlobalSection(ProjectConfigurationPlatforms) = postSolution
		{107BA066-2C4D-41A6-B644-841F1EF641DA}.Debug|Any CPU.ActiveCfg = Debug|Any CPU
		{107BA066-2C4D-41A6-B644-841F1EF641DA}.Debug|Any CPU.Build.0 = Debug|Any CPU
		{107BA066-2C4D-41A6-B644-841F1EF641DA}.Release|Any CPU.ActiveCfg = Release|Any CPU
		{107BA066-2C4D-41A6-B644-841F1EF641DA}.Release|Any CPU.Build.0 = Release|Any CPU
	EndGlobalSection
	GlobalSection(SolutionProperties) = preSolution
		HideSolutionNode = FALSE
	EndGlobalSection
	GlobalSection(ExtensibilityGlobals) = postSolution
		SolutionGuid = {B39AA493-633A-4C7C-BCB9-18D88DF27F36}
	EndGlobalSection
EndGlobal
